
Microsoft Visual Studio Solution File, Format Version 12.00
# Visual Studio Version 17
VisualStudioVersion = 17.10.35122.118
MinimumVisualStudioVersion = 10.0.40219.1
Project("{FAE04EC0-301F-11D3-BF4B-00C04F79EFBC}") = "BackEnd_WebAPI", "BackEnd_WebAPI\BackEnd_WebAPI.csproj", "{5015337D-F112-4F86-A0E5-0498BAD59568}"
EndProject
Global
	GlobalSection(SolutionConfigurationPlatforms) = preSolution
		Debug|Any CPU = Debug|Any CPU
		Release|Any CPU = Release|Any CPU
	EndGlobalSection
	GlobalSection(ProjectConfigurationPlatforms) = postSolution
		{5015337D-F112-4F86-A0E5-0498BAD59568}.Debug|Any CPU.ActiveCfg = Debug|Any CPU
		{5015337D-F112-4F86-A0E5-0498BAD59568}.Debug|Any CPU.Build.0 = Debug|Any CPU
		{5015337D-F112-4F86-A0E5-0498BAD59568}.Release|Any CPU.ActiveCfg = Release|Any CPU
		{5015337D-F112-4F86-A0E5-0498BAD59568}.Release|Any CPU.Build.0 = Release|Any CPU
	EndGlobalSection
	GlobalSection(SolutionProperties) = preSolution
		HideSolutionNode = FALSE
	EndGlobalSection
	GlobalSection(ExtensibilityGlobals) = postSolution
		SolutionGuid = {698C797C-8AA1-4DCF-B123-DEB3F13D03E8}
	EndGlobalSection
EndGlobal
