
Microsoft Visual Studio Solution File, Format Version 12.00
# Visual Studio Version 17
VisualStudioVersion = 17.10.35122.118
MinimumVisualStudioVersion = 10.0.40219.1
Project("{FAE04EC0-301F-11D3-BF4B-00C04F79EFBC}") = "plug-n-play-podcast_FullStack.Server", "plug-n-play-podcast_FullStack.Server\plug-n-play-podcast_FullStack.Server.csproj", "{ED2F3C2D-5338-4361-9BE9-C3A88C0A5895}"
EndProject
Project("{54A90642-561A-4BB1-A94E-469ADEE60C69}") = "plug-n-play-podcast_fullstack.client", "plug-n-play-podcast_fullstack.client\plug-n-play-podcast_fullstack.client.esproj", "{7597556D-9B68-4400-B2C3-D2206482C224}"
EndProject
Global
	GlobalSection(SolutionConfigurationPlatforms) = preSolution
		Debug|Any CPU = Debug|Any CPU
		Release|Any CPU = Release|Any CPU
	EndGlobalSection
	GlobalSection(ProjectConfigurationPlatforms) = postSolution
		{ED2F3C2D-5338-4361-9BE9-C3A88C0A5895}.Debug|Any CPU.ActiveCfg = Debug|Any CPU
		{ED2F3C2D-5338-4361-9BE9-C3A88C0A5895}.Debug|Any CPU.Build.0 = Debug|Any CPU
		{ED2F3C2D-5338-4361-9BE9-C3A88C0A5895}.Release|Any CPU.ActiveCfg = Release|Any CPU
		{ED2F3C2D-5338-4361-9BE9-C3A88C0A5895}.Release|Any CPU.Build.0 = Release|Any CPU
		{7597556D-9B68-4400-B2C3-D2206482C224}.Debug|Any CPU.ActiveCfg = Debug|Any CPU
		{7597556D-9B68-4400-B2C3-D2206482C224}.Debug|Any CPU.Build.0 = Debug|Any CPU
		{7597556D-9B68-4400-B2C3-D2206482C224}.Debug|Any CPU.Deploy.0 = Debug|Any CPU
		{7597556D-9B68-4400-B2C3-D2206482C224}.Release|Any CPU.ActiveCfg = Release|Any CPU
		{7597556D-9B68-4400-B2C3-D2206482C224}.Release|Any CPU.Build.0 = Release|Any CPU
		{7597556D-9B68-4400-B2C3-D2206482C224}.Release|Any CPU.Deploy.0 = Release|Any CPU
	EndGlobalSection
	GlobalSection(SolutionProperties) = preSolution
		HideSolutionNode = FALSE
	EndGlobalSection
	GlobalSection(ExtensibilityGlobals) = postSolution
		SolutionGuid = {F2BBB42C-C65A-48F9-8F2B-B932D813C91B}
	EndGlobalSection
EndGlobal
